{
    "_readme": [
        "This file locks the dependencies of your project to a known state",
        "Read more about it at https://getcomposer.org/doc/01-basic-usage.md#composer-lock-the-lock-file",
        "This file is @generated automatically"
    ],
    "hash": "11f08349f7b4fb3c5d0ce7874ce68d65",
    "packages": [
        {
            "name": "rde/php-telegram-connection",
            "version": "v0.0.2",
            "source": {
                "type": "git",
                "url": "https://github.com/chungyo-rde/php-telegram-connection.git",
                "reference": "f27c62da2e55b0740d09bc75c0d651e6df7cdc61"
            },
            "dist": {
                "type": "zip",
                "url": "https://api.github.com/repos/chungyo-rde/php-telegram-connection/zipball/f27c62da2e55b0740d09bc75c0d651e6df7cdc61",
                "reference": "f27c62da2e55b0740d09bc75c0d651e6df7cdc61",
                "shasum": ""
            },
            "require": {
                "php": ">=5.3"
            },
            "type": "library",
            "autoload": {
                "psr-4": {
                    "Rde\\Telegram\\": "src/"
                }
            },
            "license": [
                "MIT"
            ],
            "authors": [
                {
                    "name": "Colin",
                    "email": "colin1124x@gmail.com"
                }
            ],
            "description": "Telegram API connection",
            "support": {
                "source": "https://github.com/chungyo-rde/php-telegram-connection/tree/v0.0.2",
                "issues": "https://github.com/chungyo-rde/php-telegram-connection/issues"
            },
            "time": "2015-07-06 08:11:56"
        },
        {
            "name": "rde/php-terminal",
            "version": "0.0.1",
            "source": {
                "type": "git",
                "url": "https://github.com/chungyo-rde/php-terminal.git",
                "reference": "ac6cb9105b84d537c580755d5cfd24af68a1fcac"
            },
            "dist": {
                "type": "zip",
                "url": "https://api.github.com/repos/chungyo-rde/php-terminal/zipball/ac6cb9105b84d537c580755d5cfd24af68a1fcac",
                "reference": "ac6cb9105b84d537c580755d5cfd24af68a1fcac",
                "shasum": ""
            },
            "require": {
                "php": ">=5.3"
            },
            "type": "library",
            "autoload": {
                "psr-4": {
                    "Rde\\": "src/"
                }
            },
            "license": [
                "MIT"
            ],
            "authors": [
                {
                    "name": "Colin",
                    "email": "colin1124x@gmail.com"
                }
            ],
            "description": "處理php終端機輸出",
            "support": {
                "source": "https://github.com/chungyo-rde/php-terminal/tree/0.0.1",
                "issues": "https://github.com/chungyo-rde/php-terminal/issues"
            },
            "time": "2015-07-06 07:45:38"
        },
        {
            "name": "symfony/console",
            "version": "v2.7.1",
            "source": {
                "type": "git",
                "url": "https://github.com/symfony/Console.git",
                "reference": "564398bc1f33faf92fc2ec86859983d30eb81806"
            },
            "dist": {
                "type": "zip",
                "url": "https://api.github.com/repos/symfony/Console/zipball/564398bc1f33faf92fc2ec86859983d30eb81806",
                "reference": "564398bc1f33faf92fc2ec86859983d30eb81806",
                "shasum": ""
            },
            "require": {
                "php": ">=5.3.9"
            },
            "require-dev": {
                "psr/log": "~1.0",
                "symfony/event-dispatcher": "~2.1",
                "symfony/phpunit-bridge": "~2.7",
                "symfony/process": "~2.1"
            },
            "suggest": {
                "psr/log": "For using the console logger",
                "symfony/event-dispatcher": "",
                "symfony/process": ""
            },
            "type": "library",
            "extra": {
                "branch-alias": {
                    "dev-master": "2.7-dev"
                }
            },
            "autoload": {
                "psr-4": {
                    "Symfony\\Component\\Console\\": ""
                }
            },
            "notification-url": "https://packagist.org/downloads/",
            "license": [
                "MIT"
            ],
            "authors": [
                {
                    "name": "Fabien Potencier",
                    "email": "fabien@symfony.com"
                },
                {
                    "name": "Symfony Community",
                    "homepage": "https://symfony.com/contributors"
                }
            ],
            "description": "Symfony Console Component",
            "homepage": "https://symfony.com",
            "time": "2015-06-10 15:30:22"
        }
    ],
    "packages-dev": [],
    "aliases": [],
    "minimum-stability": "dev",
    "stability-flags": [],
    "prefer-stable": true,
    "prefer-lowest": false,
    "platform": [],
    "platform-dev": []
}
